
Microsoft Visual Studio Solution File, Format Version 12.00
# Visual Studio Version 16
VisualStudioVersion = 16.0.30128.74
MinimumVisualStudioVersion = 10.0.40219.1
Project("{FAE04EC0-301F-11D3-BF4B-00C04F79EFBC}") = "DineshGitWebApp", "DineshGitWebApp\DineshGitWebApp.csproj", "{C34DFDB3-2081-4DD1-824C-F55D33ED36ED}"
EndProject
Global
	GlobalSection(SolutionConfigurationPlatforms) = preSolution
		Debug|Any CPU = Debug|Any CPU
		Release|Any CPU = Release|Any CPU
	EndGlobalSection
	GlobalSection(ProjectConfigurationPlatforms) = postSolution
		{C34DFDB3-2081-4DD1-824C-F55D33ED36ED}.Debug|Any CPU.ActiveCfg = Debug|Any CPU
		{C34DFDB3-2081-4DD1-824C-F55D33ED36ED}.Debug|Any CPU.Build.0 = Debug|Any CPU
		{C34DFDB3-2081-4DD1-824C-F55D33ED36ED}.Release|Any CPU.ActiveCfg = Release|Any CPU
		{C34DFDB3-2081-4DD1-824C-F55D33ED36ED}.Release|Any CPU.Build.0 = Release|Any CPU
	EndGlobalSection
	GlobalSection(SolutionProperties) = preSolution
		HideSolutionNode = FALSE
	EndGlobalSection
	GlobalSection(ExtensibilityGlobals) = postSolution
		SolutionGuid = {F20E02AA-9821-49FD-92ED-FDDF7606DD71}
	EndGlobalSection
EndGlobal
